
Microsoft Visual Studio Solution File, Format Version 12.00
# Visual Studio Version 16
VisualStudioVersion = 16.0.29001.49
MinimumVisualStudioVersion = 10.0.40219.1
Project("{9A19103F-16F7-4668-BE54-9A1E7A4F7556}") = "PasswordStrength", "PasswordStrength.csproj", "{511EE072-64E6-44B0-8F39-7FDFA18DF72A}"
EndProject
Project("{FAE04EC0-301F-11D3-BF4B-00C04F79EFBC}") = "PasswordStrengthTest", "..\PasswordStrengthTest\PasswordStrengthTest.csproj", "{CECD89AB-579F-4152-BD81-B7F07A9A9A9B}"
EndProject
Global
	GlobalSection(SolutionConfigurationPlatforms) = preSolution
		Debug|Any CPU = Debug|Any CPU
		Release|Any CPU = Release|Any CPU
	EndGlobalSection
	GlobalSection(ProjectConfigurationPlatforms) = postSolution
		{511EE072-64E6-44B0-8F39-7FDFA18DF72A}.Debug|Any CPU.ActiveCfg = Debug|Any CPU
		{511EE072-64E6-44B0-8F39-7FDFA18DF72A}.Debug|Any CPU.Build.0 = Debug|Any CPU
		{511EE072-64E6-44B0-8F39-7FDFA18DF72A}.Release|Any CPU.ActiveCfg = Release|Any CPU
		{511EE072-64E6-44B0-8F39-7FDFA18DF72A}.Release|Any CPU.Build.0 = Release|Any CPU
		{CECD89AB-579F-4152-BD81-B7F07A9A9A9B}.Debug|Any CPU.ActiveCfg = Debug|Any CPU
		{CECD89AB-579F-4152-BD81-B7F07A9A9A9B}.Debug|Any CPU.Build.0 = Debug|Any CPU
		{CECD89AB-579F-4152-BD81-B7F07A9A9A9B}.Release|Any CPU.ActiveCfg = Release|Any CPU
		{CECD89AB-579F-4152-BD81-B7F07A9A9A9B}.Release|Any CPU.Build.0 = Release|Any CPU
	EndGlobalSection
	GlobalSection(SolutionProperties) = preSolution
		HideSolutionNode = FALSE
	EndGlobalSection
	GlobalSection(ExtensibilityGlobals) = postSolution
		SolutionGuid = {AA917145-359A-4F42-A830-A280F3914A80}
	EndGlobalSection
EndGlobal
