
Microsoft Visual Studio Solution File, Format Version 12.00
# Visual Studio Version 16
VisualStudioVersion = 16.0.29001.49
MinimumVisualStudioVersion = 10.0.40219.1
Project("{FAE04EC0-301F-11D3-BF4B-00C04F79EFBC}") = "remove_duplicates", "remove_duplicates.csproj", "{C3B685D3-7F2B-4FE5-B5BE-0621BE4708C5}"
EndProject
Global
	GlobalSection(SolutionConfigurationPlatforms) = preSolution
		Debug|Any CPU = Debug|Any CPU
		Release|Any CPU = Release|Any CPU
	EndGlobalSection
	GlobalSection(ProjectConfigurationPlatforms) = postSolution
		{C3B685D3-7F2B-4FE5-B5BE-0621BE4708C5}.Debug|Any CPU.ActiveCfg = Debug|Any CPU
		{C3B685D3-7F2B-4FE5-B5BE-0621BE4708C5}.Debug|Any CPU.Build.0 = Debug|Any CPU
		{C3B685D3-7F2B-4FE5-B5BE-0621BE4708C5}.Release|Any CPU.ActiveCfg = Release|Any CPU
		{C3B685D3-7F2B-4FE5-B5BE-0621BE4708C5}.Release|Any CPU.Build.0 = Release|Any CPU
	EndGlobalSection
	GlobalSection(SolutionProperties) = preSolution
		HideSolutionNode = FALSE
	EndGlobalSection
	GlobalSection(ExtensibilityGlobals) = postSolution
		SolutionGuid = {3483444E-E3A4-44F1-8611-658273AAA0AB}
	EndGlobalSection
EndGlobal
